
Microsoft Visual Studio Solution File, Format Version 12.00
# Visual Studio 15
VisualStudioVersion = 15.0.28306.52
MinimumVisualStudioVersion = 10.0.40219.1
Project("{9A19103F-16F7-4668-BE54-9A1E7A4F7556}") = "BlazorSample", "BlazorSample\BlazorSample.csproj", "{6A9E7FA3-64AD-40D8-ABBD-304B8B4E03FC}"
EndProject
Project("{2150E333-8FDC-42A3-9474-1A3956D46DE8}") = "WEBAPI", "WEBAPI", "{658A1274-BF36-4AD2-847B-DF6C432DE526}"
EndProject
Project("{FAE04EC0-301F-11D3-BF4B-00C04F79EFBC}") = "BlazorSignalR.Server", "BlazorSignalR.Server\BlazorSignalR.Server.csproj", "{43BA61D3-521B-43A4-BC19-57674C0CB8FA}"
EndProject
Project("{FAE04EC0-301F-11D3-BF4B-00C04F79EFBC}") = "BlazorSignalR.Client", "BlazorSignalR.Client\BlazorSignalR.Client.csproj", "{0F3710AC-92CB-4012-9F63-9D0059D1A76F}"
EndProject
Project("{FAE04EC0-301F-11D3-BF4B-00C04F79EFBC}") = "BlazorSignalR.Shared", "BlazorSignalR.Shared\BlazorSignalR.Shared.csproj", "{AA2D6F3B-8FA1-4BC8-A8E5-C5681CAE5D24}"
EndProject
Project("{2150E333-8FDC-42A3-9474-1A3956D46DE8}") = "StandAlone", "StandAlone", "{4684BD0F-80DD-41F4-85D2-D7652C7479D8}"
EndProject
Project("{2150E333-8FDC-42A3-9474-1A3956D46DE8}") = "ServerSide", "ServerSide", "{AB7AF8B6-9EFE-4C21-99AC-7A1B052F376F}"
EndProject
Project("{FAE04EC0-301F-11D3-BF4B-00C04F79EFBC}") = "BlazorServerSide.Server", "BlazorServerSide.Server\BlazorServerSide.Server.csproj", "{B12C3F17-5974-4607-BD68-376D154A230B}"
EndProject
Project("{FAE04EC0-301F-11D3-BF4B-00C04F79EFBC}") = "BlazorServerSide.App", "BlazorServerSide.App\BlazorServerSide.App.csproj", "{F27520E6-80D0-4B26-85C8-1D59950DDBAA}"
EndProject
Global
	GlobalSection(SolutionConfigurationPlatforms) = preSolution
		Debug|Any CPU = Debug|Any CPU
		Release|Any CPU = Release|Any CPU
	EndGlobalSection
	GlobalSection(ProjectConfigurationPlatforms) = postSolution
		{6A9E7FA3-64AD-40D8-ABBD-304B8B4E03FC}.Debug|Any CPU.ActiveCfg = Debug|Any CPU
		{6A9E7FA3-64AD-40D8-ABBD-304B8B4E03FC}.Debug|Any CPU.Build.0 = Debug|Any CPU
		{6A9E7FA3-64AD-40D8-ABBD-304B8B4E03FC}.Release|Any CPU.ActiveCfg = Release|Any CPU
		{6A9E7FA3-64AD-40D8-ABBD-304B8B4E03FC}.Release|Any CPU.Build.0 = Release|Any CPU
		{43BA61D3-521B-43A4-BC19-57674C0CB8FA}.Debug|Any CPU.ActiveCfg = Debug|Any CPU
		{43BA61D3-521B-43A4-BC19-57674C0CB8FA}.Debug|Any CPU.Build.0 = Debug|Any CPU
		{43BA61D3-521B-43A4-BC19-57674C0CB8FA}.Release|Any CPU.ActiveCfg = Release|Any CPU
		{43BA61D3-521B-43A4-BC19-57674C0CB8FA}.Release|Any CPU.Build.0 = Release|Any CPU
		{0F3710AC-92CB-4012-9F63-9D0059D1A76F}.Debug|Any CPU.ActiveCfg = Debug|Any CPU
		{0F3710AC-92CB-4012-9F63-9D0059D1A76F}.Debug|Any CPU.Build.0 = Debug|Any CPU
		{0F3710AC-92CB-4012-9F63-9D0059D1A76F}.Release|Any CPU.ActiveCfg = Release|Any CPU
		{0F3710AC-92CB-4012-9F63-9D0059D1A76F}.Release|Any CPU.Build.0 = Release|Any CPU
		{AA2D6F3B-8FA1-4BC8-A8E5-C5681CAE5D24}.Debug|Any CPU.ActiveCfg = Debug|Any CPU
		{AA2D6F3B-8FA1-4BC8-A8E5-C5681CAE5D24}.Debug|Any CPU.Build.0 = Debug|Any CPU
		{AA2D6F3B-8FA1-4BC8-A8E5-C5681CAE5D24}.Release|Any CPU.ActiveCfg = Release|Any CPU
		{AA2D6F3B-8FA1-4BC8-A8E5-C5681CAE5D24}.Release|Any CPU.Build.0 = Release|Any CPU
		{B12C3F17-5974-4607-BD68-376D154A230B}.Debug|Any CPU.ActiveCfg = Debug|Any CPU
		{B12C3F17-5974-4607-BD68-376D154A230B}.Debug|Any CPU.Build.0 = Debug|Any CPU
		{B12C3F17-5974-4607-BD68-376D154A230B}.Release|Any CPU.ActiveCfg = Release|Any CPU
		{B12C3F17-5974-4607-BD68-376D154A230B}.Release|Any CPU.Build.0 = Release|Any CPU
		{F27520E6-80D0-4B26-85C8-1D59950DDBAA}.Debug|Any CPU.ActiveCfg = Debug|Any CPU
		{F27520E6-80D0-4B26-85C8-1D59950DDBAA}.Debug|Any CPU.Build.0 = Debug|Any CPU
		{F27520E6-80D0-4B26-85C8-1D59950DDBAA}.Release|Any CPU.ActiveCfg = Release|Any CPU
		{F27520E6-80D0-4B26-85C8-1D59950DDBAA}.Release|Any CPU.Build.0 = Release|Any CPU
	EndGlobalSection
	GlobalSection(SolutionProperties) = preSolution
		HideSolutionNode = FALSE
	EndGlobalSection
	GlobalSection(NestedProjects) = preSolution
		{6A9E7FA3-64AD-40D8-ABBD-304B8B4E03FC} = {4684BD0F-80DD-41F4-85D2-D7652C7479D8}
		{43BA61D3-521B-43A4-BC19-57674C0CB8FA} = {658A1274-BF36-4AD2-847B-DF6C432DE526}
		{0F3710AC-92CB-4012-9F63-9D0059D1A76F} = {658A1274-BF36-4AD2-847B-DF6C432DE526}
		{AA2D6F3B-8FA1-4BC8-A8E5-C5681CAE5D24} = {658A1274-BF36-4AD2-847B-DF6C432DE526}
		{B12C3F17-5974-4607-BD68-376D154A230B} = {AB7AF8B6-9EFE-4C21-99AC-7A1B052F376F}
		{F27520E6-80D0-4B26-85C8-1D59950DDBAA} = {AB7AF8B6-9EFE-4C21-99AC-7A1B052F376F}
	EndGlobalSection
	GlobalSection(ExtensibilityGlobals) = postSolution
		SolutionGuid = {52D6ADA4-4EE5-4DD2-B558-2B3F08762036}
	EndGlobalSection
EndGlobal
